
Microsoft Visual Studio Solution File, Format Version 12.00
# Visual Studio 14
VisualStudioVersion = 14.0.25420.1
MinimumVisualStudioVersion = 10.0.40219.1
Project("{FAE04EC0-301F-11D3-BF4B-00C04F79EFBC}") = "MyMvcApplication", "MyMvcApplication\MyMvcApplication.csproj", "{6301CF7D-2AAD-412C-B585-86C1EC51322B}"
EndProject
Project("{FAE04EC0-301F-11D3-BF4B-00C04F79EFBC}") = "MyMvcApplication.Tests", "MyMvcApplication.Tests\MyMvcApplication.Tests.csproj", "{4CBBCF86-C5AC-40B6-AB14-090C34C39D2E}"
EndProject
Global
	GlobalSection(SolutionConfigurationPlatforms) = preSolution
		Debug|Any CPU = Debug|Any CPU
		Release|Any CPU = Release|Any CPU
	EndGlobalSection
	GlobalSection(ProjectConfigurationPlatforms) = postSolution
		{6301CF7D-2AAD-412C-B585-86C1EC51322B}.Debug|Any CPU.ActiveCfg = Debug|Any CPU
		{6301CF7D-2AAD-412C-B585-86C1EC51322B}.Debug|Any CPU.Build.0 = Debug|Any CPU
		{6301CF7D-2AAD-412C-B585-86C1EC51322B}.Release|Any CPU.ActiveCfg = Release|Any CPU
		{6301CF7D-2AAD-412C-B585-86C1EC51322B}.Release|Any CPU.Build.0 = Release|Any CPU
		{4CBBCF86-C5AC-40B6-AB14-090C34C39D2E}.Debug|Any CPU.ActiveCfg = Debug|Any CPU
		{4CBBCF86-C5AC-40B6-AB14-090C34C39D2E}.Debug|Any CPU.Build.0 = Debug|Any CPU
		{4CBBCF86-C5AC-40B6-AB14-090C34C39D2E}.Release|Any CPU.ActiveCfg = Release|Any CPU
		{4CBBCF86-C5AC-40B6-AB14-090C34C39D2E}.Release|Any CPU.Build.0 = Release|Any CPU
	EndGlobalSection
	GlobalSection(SolutionProperties) = preSolution
		HideSolutionNode = FALSE
	EndGlobalSection
EndGlobal
